
Microsoft Visual Studio Solution File, Format Version 12.00
# Visual Studio Version 16
VisualStudioVersion = 16.0.30503.244
MinimumVisualStudioVersion = 10.0.40219.1
Project("{FAE04EC0-301F-11D3-BF4B-00C04F79EFBC}") = "Snake", "Snake\Snake.csproj", "{77A4B6DC-3D3D-4859-9A9A-C45D11BA0187}"
EndProject
Project("{FAE04EC0-301F-11D3-BF4B-00C04F79EFBC}") = "Pong", "Pong\Pong.csproj", "{756DF349-A108-46D4-BF46-BC6F5C63082D}"
EndProject
Project("{FAE04EC0-301F-11D3-BF4B-00C04F79EFBC}") = "BreakOut", "BreakOut\BreakOut.csproj", "{4B99E858-4E9E-455E-BA3A-CD0DE86A661C}"
EndProject
Global
	GlobalSection(SolutionConfigurationPlatforms) = preSolution
		Debug|Any CPU = Debug|Any CPU
		Release|Any CPU = Release|Any CPU
	EndGlobalSection
	GlobalSection(ProjectConfigurationPlatforms) = postSolution
		{77A4B6DC-3D3D-4859-9A9A-C45D11BA0187}.Debug|Any CPU.ActiveCfg = Debug|Any CPU
		{77A4B6DC-3D3D-4859-9A9A-C45D11BA0187}.Debug|Any CPU.Build.0 = Debug|Any CPU
		{77A4B6DC-3D3D-4859-9A9A-C45D11BA0187}.Release|Any CPU.ActiveCfg = Release|Any CPU
		{77A4B6DC-3D3D-4859-9A9A-C45D11BA0187}.Release|Any CPU.Build.0 = Release|Any CPU
		{756DF349-A108-46D4-BF46-BC6F5C63082D}.Debug|Any CPU.ActiveCfg = Debug|Any CPU
		{756DF349-A108-46D4-BF46-BC6F5C63082D}.Debug|Any CPU.Build.0 = Debug|Any CPU
		{756DF349-A108-46D4-BF46-BC6F5C63082D}.Release|Any CPU.ActiveCfg = Release|Any CPU
		{756DF349-A108-46D4-BF46-BC6F5C63082D}.Release|Any CPU.Build.0 = Release|Any CPU
		{4B99E858-4E9E-455E-BA3A-CD0DE86A661C}.Debug|Any CPU.ActiveCfg = Debug|Any CPU
		{4B99E858-4E9E-455E-BA3A-CD0DE86A661C}.Debug|Any CPU.Build.0 = Debug|Any CPU
		{4B99E858-4E9E-455E-BA3A-CD0DE86A661C}.Release|Any CPU.ActiveCfg = Release|Any CPU
		{4B99E858-4E9E-455E-BA3A-CD0DE86A661C}.Release|Any CPU.Build.0 = Release|Any CPU
	EndGlobalSection
	GlobalSection(SolutionProperties) = preSolution
		HideSolutionNode = FALSE
	EndGlobalSection
	GlobalSection(ExtensibilityGlobals) = postSolution
		SolutionGuid = {A5C1A373-7446-4950-A353-25A366569047}
	EndGlobalSection
EndGlobal
